
Microsoft Visual Studio Solution File, Format Version 12.00
# Visual Studio 15
VisualStudioVersion = 15.0.28010.2016
MinimumVisualStudioVersion = 10.0.40219.1
Project("{FAE04EC0-301F-11D3-BF4B-00C04F79EFBC}") = "StoreDemoTest", "StoreDemoTest\StoreDemoTest.csproj", "{7C410759-4901-4DA3-B819-7D3E454C6C8E}"
EndProject
Global
	GlobalSection(SolutionConfigurationPlatforms) = preSolution
		Debug|Any CPU = Debug|Any CPU
		Release|Any CPU = Release|Any CPU
	EndGlobalSection
	GlobalSection(ProjectConfigurationPlatforms) = postSolution
		{7C410759-4901-4DA3-B819-7D3E454C6C8E}.Debug|Any CPU.ActiveCfg = Debug|Any CPU
		{7C410759-4901-4DA3-B819-7D3E454C6C8E}.Debug|Any CPU.Build.0 = Debug|Any CPU
		{7C410759-4901-4DA3-B819-7D3E454C6C8E}.Release|Any CPU.ActiveCfg = Release|Any CPU
		{7C410759-4901-4DA3-B819-7D3E454C6C8E}.Release|Any CPU.Build.0 = Release|Any CPU
	EndGlobalSection
	GlobalSection(SolutionProperties) = preSolution
		HideSolutionNode = FALSE
	EndGlobalSection
	GlobalSection(ExtensibilityGlobals) = postSolution
		SolutionGuid = {3F01D11C-6EE6-460F-BAE6-C8C7FDF73C4D}
	EndGlobalSection
EndGlobal
